
Microsoft Visual Studio Solution File, Format Version 12.00
# Visual Studio Version 17
VisualStudioVersion = 17.8.34511.84
MinimumVisualStudioVersion = 10.0.40219.1
Project("{FAE04EC0-301F-11D3-BF4B-00C04F79EFBC}") = "es-Settimana-12-Giorno-3", "es-Settimana-12-Giorno-3\es-Settimana-12-Giorno-3.csproj", "{EE7E726A-2AD0-4937-AB1A-EDBD298166CC}"
EndProject
Global
	GlobalSection(SolutionConfigurationPlatforms) = preSolution
		Debug|Any CPU = Debug|Any CPU
		Release|Any CPU = Release|Any CPU
	EndGlobalSection
	GlobalSection(ProjectConfigurationPlatforms) = postSolution
		{EE7E726A-2AD0-4937-AB1A-EDBD298166CC}.Debug|Any CPU.ActiveCfg = Debug|Any CPU
		{EE7E726A-2AD0-4937-AB1A-EDBD298166CC}.Debug|Any CPU.Build.0 = Debug|Any CPU
		{EE7E726A-2AD0-4937-AB1A-EDBD298166CC}.Release|Any CPU.ActiveCfg = Release|Any CPU
		{EE7E726A-2AD0-4937-AB1A-EDBD298166CC}.Release|Any CPU.Build.0 = Release|Any CPU
	EndGlobalSection
	GlobalSection(SolutionProperties) = preSolution
		HideSolutionNode = FALSE
	EndGlobalSection
	GlobalSection(ExtensibilityGlobals) = postSolution
		SolutionGuid = {B52CA3F1-94C3-4BE6-A345-7CD96F9563AD}
	EndGlobalSection
EndGlobal
